
Microsoft Visual Studio Solution File, Format Version 12.00
# Blend for Visual Studio Version 17
VisualStudioVersion = 17.5.33627.172
MinimumVisualStudioVersion = 10.0.40219.1
Project("{FAE04EC0-301F-11D3-BF4B-00C04F79EFBC}") = "week12_2", "week12_2\week12_2.csproj", "{3A7791C3-D6E9-4BD3-BF64-34A031A32BEB}"
EndProject
Global
	GlobalSection(SolutionConfigurationPlatforms) = preSolution
		Debug|Any CPU = Debug|Any CPU
		Release|Any CPU = Release|Any CPU
	EndGlobalSection
	GlobalSection(ProjectConfigurationPlatforms) = postSolution
		{3A7791C3-D6E9-4BD3-BF64-34A031A32BEB}.Debug|Any CPU.ActiveCfg = Debug|Any CPU
		{3A7791C3-D6E9-4BD3-BF64-34A031A32BEB}.Debug|Any CPU.Build.0 = Debug|Any CPU
		{3A7791C3-D6E9-4BD3-BF64-34A031A32BEB}.Release|Any CPU.ActiveCfg = Release|Any CPU
		{3A7791C3-D6E9-4BD3-BF64-34A031A32BEB}.Release|Any CPU.Build.0 = Release|Any CPU
	EndGlobalSection
	GlobalSection(SolutionProperties) = preSolution
		HideSolutionNode = FALSE
	EndGlobalSection
	GlobalSection(ExtensibilityGlobals) = postSolution
		SolutionGuid = {EA866C54-0B4E-4A4B-A04F-60D50B5CC617}
	EndGlobalSection
EndGlobal
